// !$*UTF8*$!
{
	archiveVersion = 1;
	classes = {
	};
	objectVersion = 46;
	objects = {

/* Begin PBXBuildFile section */
		C9F0FBCD1D20F5BA00B5B220 /* main.m in Sources */ = {isa = PBXBuildFile; fileRef = C9F0FBCC1D20F5BA00B5B220 /* main.m */; };
		C9F0FBD01D20F5BA00B5B220 /* AppDelegate.m in Sources */ = {isa = PBXBuildFile; fileRef = C9F0FBCF1D20F5BA00B5B220 /* AppDelegate.m */; };
		C9F0FBD31D20F5BA00B5B220 /* ViewController.m in Sources */ = {isa = PBXBuildFile; fileRef = C9F0FBD21D20F5BA00B5B220 /* ViewController.m */; };
		C9F0FBD61D20F5BA00B5B220 /* Main.storyboard in Resources */ = {isa = PBXBuildFile; fileRef = C9F0FBD41D20F5BA00B5B220 /* Main.storyboard */; };
		C9F0FBD81D20F5BA00B5B220 /* Assets.xcassets in Resources */ = {isa = PBXBuildFile; fileRef = C9F0FBD71D20F5BA00B5B220 /* Assets.xcassets */; };
		C9F0FBDB1D20F5BA00B5B220 /* LaunchScreen.storyboard in Resources */ = {isa = PBXBuildFile; fileRef = C9F0FBD91D20F5BA00B5B220 /* LaunchScreen.storyboard */; };
		C9F0FBE41D21016900B5B220 /* detailVC.m in Sources */ = {isa = PBXBuildFile; fileRef = C9F0FBE31D21016900B5B220 /* detailVC.m */; };
/* End PBXBuildFile section */

/* Begin PBXFileReference section */
		C9F0FBC81D20F5BA00B5B220 /* MasterDemo.app */ = {isa = PBXFileReference; explicitFileType = wrapper.application; includeInIndex = 0; path = MasterDemo.app; sourceTree = BUILT_PRODUCTS_DIR; };
		C9F0FBCC1D20F5BA00B5B220 /* main.m */ = {isa = PBXFileReference; lastKnownFileType = sourcecode.c.objc; path = main.m; sourceTree = "<group>"; };
		C9F0FBCE1D20F5BA00B5B220 /* AppDelegate.h */ = {isa = PBXFileReference; lastKnownFileType = sourcecode.c.h; path = AppDelegate.h; sourceTree = "<group>"; };
		C9F0FBCF1D20F5BA00B5B220 /* AppDelegate.m */ = {isa = PBXFileReference; lastKnownFileType = sourcecode.c.objc; path = AppDelegate.m; sourceTree = "<group>"; };
		C9F0FBD11D20F5BA00B5B220 /* ViewController.h */ = {isa = PBXFileReference; lastKnownFileType = sourcecode.c.h; path = ViewController.h; sourceTree = "<group>"; };
		C9F0FBD21D20F5BA00B5B220 /* ViewController.m */ = {isa = PBXFileReference; lastKnownFileType = sourcecode.c.objc; path = ViewController.m; sourceTree = "<group>"; };
		C9F0FBD51D20F5BA00B5B220 /* Base */ = {isa = PBXFileReference; lastKnownFileType = file.storyboard; name = Base; path = Base.lproj/Main.storyboard; sourceTree = "<group>"; };
		C9F0FBD71D20F5BA00B5B220 /* Assets.xcassets */ = {isa = PBXFileReference; lastKnownFileType = folder.assetcatalog; path = Assets.xcassets; sourceTree = "<group>"; };
		C9F0FBDA1D20F5BA00B5B220 /* Base */ = {isa = PBXFileReference; lastKnownFileType = file.storyboard; name = Base; path = Base.lproj/LaunchScreen.storyboard; sourceTree = "<group>"; };
		C9F0FBDC1D20F5BA00B5B220 /* Info.plist */ = {isa = PBXFileReference; lastKnownFileType = text.plist.xml; path = Info.plist; sourceTree = "<group>"; };
		C9F0FBE21D21016900B5B220 /* detailVC.h */ = {isa = PBXFileReference; fileEncoding = 4; lastKnownFileType = sourcecode.c.h; path = detailVC.h; sourceTree = "<group>"; };
		C9F0FBE31D21016900B5B220 /* detailVC.m */ = {isa = PBXFileReference; fileEncoding = 4; lastKnownFileType = sourcecode.c.objc; path = detailVC.m; sourceTree = "<group>"; };
/* End PBXFileReference section */

/* Begin PBXFrameworksBuildPhase section */
		C9F0FBC51D20F5BA00B5B220 /* Frameworks */ = {
			isa = PBXFrameworksBuildPhase;
			buildActionMask = 2147483647;
			files = (
			);
			runOnlyForDeploymentPostprocessing = 0;
		};
/* End PBXFrameworksBuildPhase section */

/* Begin PBXGroup section */
		C9F0FBBF1D20F5BA00B5B220 = {
			isa = PBXGroup;
			children = (
				C9F0FBCA1D20F5BA00B5B220 /* MasterDemo */,
				C9F0FBC91D20F5BA00B5B220 /* Products */,
			);
			sourceTree = "<group>";
		};
		C9F0FBC91D20F5BA00B5B220 /* Products */ = {
			isa = PBXGroup;
			children = (
				C9F0FBC81D20F5BA00B5B220 /* MasterDemo.app */,
			);
			name = Products;
			sourceTree = "<group>";
		};
		C9F0FBCA1D20F5BA00B5B220 /* MasterDemo */ = {
			isa = PBXGroup;
			children = (
				C9F0FBCE1D20F5BA00B5B220 /* AppDelegate.h */,
				C9F0FBCF1D20F5BA00B5B220 /* AppDelegate.m */,
				C9F0FBD11D20F5BA00B5B220 /* ViewController.h */,
				C9F0FBD21D20F5BA00B5B220 /* ViewController.m */,
				C9F0FBE21D21016900B5B220 /* detailVC.h */,
				C9F0FBE31D21016900B5B220 /* detailVC.m */,
				C9F0FBD41D20F5BA00B5B220 /* Main.storyboard */,
				C9F0FBD71D20F5BA00B5B220 /* Assets.xcassets */,
				C9F0FBD91D20F5BA00B5B220 /* LaunchScreen.storyboard */,
				C9F0FBDC1D20F5BA00B5B220 /* Info.plist */,
				C9F0FBCB1D20F5BA00B5B220 /* Supporting Files */,
			);
			path = MasterDemo;
			sourceTree = "<group>";
		};
		C9F0FBCB1D20F5BA00B5B220 /* Supporting Files */ = {
			isa = PBXGroup;
			children = (
				C9F0FBCC1D20F5BA00B5B220 /* main.m */,
			);
			name = "Supporting Files";
			sourceTree = "<group>";
		};
/* End PBXGroup section */

/* Begin PBXNativeTarget section */
		C9F0FBC71D20F5BA00B5B220 /* MasterDemo */ = {
			isa = PBXNativeTarget;
			buildConfigurationList = C9F0FBDF1D20F5BA00B5B220 /* Build configuration list for PBXNativeTarget "MasterDemo" */;
			buildPhases = (
				C9F0FBC41D20F5BA00B5B220 /* Sources */,
				C9F0FBC51D20F5BA00B5B220 /* Frameworks */,
				C9F0FBC61D20F5BA00B5B220 /* Resources */,
			);
			buildRules = (
			);
			dependencies = (
			);
			name = MasterDemo;
			productName = MasterDemo;
			productReference = C9F0FBC81D20F5BA00B5B220 /* MasterDemo.app */;
			productType = "com.apple.product-type.application";
		};
/* End PBXNativeTarget section */

/* Begin PBXProject section */
		C9F0FBC01D20F5BA00B5B220 /* Project object */ = {
			isa = PBXProject;
			attributes = {
				LastUpgradeCheck = 0720;
				ORGANIZATIONNAME = com.zaptechsolutions;
				TargetAttributes = {
					C9F0FBC71D20F5BA00B5B220 = {
						CreatedOnToolsVersion = 7.2;
					};
				};
			};
			buildConfigurationList = C9F0FBC31D20F5BA00B5B220 /* Build configuration list for PBXProject "MasterDemo" */;
			compatibilityVersion = "Xcode 3.2";
			developmentRegion = English;
			hasScannedForEncodings = 0;
			knownRegions = (
				en,
				Base,
			);
			mainGroup = C9F0FBBF1D20F5BA00B5B220;
			productRefGroup = C9F0FBC91D20F5BA00B5B220 /* Products */;
			projectDirPath = "";
			projectRoot = "";
			targets = (
				C9F0FBC71D20F5BA00B5B220 /* MasterDemo */,
			);
		};
/* End PBXProject section */

/* Begin PBXResourcesBuildPhase section */
		C9F0FBC61D20F5BA00B5B220 /* Resources */ = {
			isa = PBXResourcesBuildPhase;
			buildActionMask = 2147483647;
			files = (
				C9F0FBDB1D20F5BA00B5B220 /* LaunchScreen.storyboard in Resources */,
				C9F0FBD81D20F5BA00B5B220 /* Assets.xcassets in Resources */,
				C9F0FBD61D20F5BA00B5B220 /* Main.storyboard in Resources */,
			);
			runOnlyForDeploymentPostprocessing = 0;
		};
/* End PBXResourcesBuildPhase section */

/* Begin PBXSourcesBuildPhase section */
		C9F0FBC41D20F5BA00B5B220 /* Sources */ = {
			isa = PBXSourcesBuildPhase;
			buildActionMask = 2147483647;
			files = (
				C9F0FBD31D20F5BA00B5B220 /* ViewController.m in Sources */,
				C9F0FBE41D21016900B5B220 /* detailVC.m in Sources */,
				C9F0FBD01D20F5BA00B5B220 /* AppDelegate.m in Sources */,
				C9F0FBCD1D20F5BA00B5B220 /* main.m in Sources */,
			);
			runOnlyForDeploymentPostprocessing = 0;
		};
/* End PBXSourcesBuildPhase section */

/* Begin PBXVariantGroup section */
		C9F0FBD41D20F5BA00B5B220 /* Main.storyboard */ = {
			isa = PBXVariantGroup;
			children = (
				C9F0FBD51D20F5BA00B5B220 /* Base */,
			);
			name = Main.storyboard;
			sourceTree = "<group>";
		};
		C9F0FBD91D20F5BA00B5B220 /* LaunchScreen.storyboard */ = {
			isa = PBXVariantGroup;
			children = (
				C9F0FBDA1D20F5BA00B5B220 /* Base */,
			);
			name = LaunchScreen.storyboard;
			sourceTree = "<group>";
		};
/* End PBXVariantGroup section */

/* Begin XCBuildConfiguration section */
		C9F0FBDD1D20F5BA00B5B220 /* Debug */ = {
			isa = XCBuildConfiguration;
			buildSettings = {
				ALWAYS_SEARCH_USER_PATHS = NO;
				CLANG_CXX_LANGUAGE_STANDARD = "gnu++0x";
				CLANG_CXX_LIBRARY = "libc++";
				CLANG_ENABLE_MODULES = YES;
				CLANG_ENABLE_OBJC_ARC = YES;
				CLANG_WARN_BOOL_CONVERSION = YES;
				CLANG_WARN_CONSTANT_CONVERSION = YES;
				CLANG_WARN_DIRECT_OBJC_ISA_USAGE = YES_ERROR;
				CLANG_WARN_EMPTY_BODY = YES;
				CLANG_WARN_ENUM_CONVERSION = YES;
				CLANG_WARN_INT_CONVERSION = YES;
				CLANG_WARN_OBJC_ROOT_CLASS = YES_ERROR;
				CLANG_WARN_UNREACHABLE_CODE = YES;
				CLANG_WARN__DUPLICATE_METHOD_MATCH = YES;
				"CODE_SIGN_IDENTITY[sdk=iphoneos*]" = "iPhone Developer";
				COPY_PHASE_STRIP = NO;
				DEBUG_INFORMATION_FORMAT = dwarf;
				ENABLE_STRICT_OBJC_MSGSEND = YES;
				ENABLE_TESTABILITY = YES;
				GCC_C_LANGUAGE_STANDARD = gnu99;
				GCC_DYNAMIC_NO_PIC = NO;
				GCC_NO_COMMON_BLOCKS = YES;
				GCC_OPTIMIZATION_LEVEL = 0;
				GCC_PREPROCESSOR_DEFINITIONS = (
					"DEBUG=1",
					"$(inherited)",
				);
				GCC_WARN_64_TO_32_BIT_CONVERSION = YES;
				GCC_WARN_ABOUT_RETURN_TYPE = YES_ERROR;
				GCC_WARN_UNDECLARED_SELECTOR = YES;
				GCC_WARN_UNINITIALIZED_AUTOS = YES_AGGRESSIVE;
				GCC_WARN_UNUSED_FUNCTION = YES;
				GCC_WARN_UNUSED_VARIABLE = YES;
				IPHONEOS_DEPLOYMENT_TARGET = 9.2;
				MTL_ENABLE_DEBUG_INFO = YES;
				ONLY_ACTIVE_ARCH = YES;
				SDKROOT = iphoneos;
			};
			name = Debug;
		};
		C9F0FBDE1D20F5BA00B5B220 /* Release */ = {
			isa = XCBuildConfiguration;
			buildSettings = {
				ALWAYS_SEARCH_USER_PATHS = NO;
				CLANG_CXX_LANGUAGE_STANDARD = "gnu++0x";
				CLANG_CXX_LIBRARY = "libc++";
				CLANG_ENABLE_MODULES = YES;
				CLANG_ENABLE_OBJC_ARC = YES;
				CLANG_WARN_BOOL_CONVERSION = YES;
				CLANG_WARN_CONSTANT_CONVERSION = YES;
				CLANG_WARN_DIRECT_OBJC_ISA_USAGE = YES_ERROR;
				CLANG_WARN_EMPTY_BODY = YES;
				CLANG_WARN_ENUM_CONVERSION = YES;
				CLANG_WARN_INT_CONVERSION = YES;
				CLANG_WARN_OBJC_ROOT_CLASS = YES_ERROR;
				CLANG_WARN_UNREACHABLE_CODE = YES;
				CLANG_WARN__DUPLICATE_METHOD_MATCH = YES;
				"CODE_SIGN_IDENTITY[sdk=iphoneos*]" = "iPhone Developer";
				COPY_PHASE_STRIP = NO;
				DEBUG_INFORMATION_FORMAT = "dwarf-with-dsym";
				ENABLE_NS_ASSERTIONS = NO;
				ENABLE_STRICT_OBJC_MSGSEND = YES;
				GCC_C_LANGUAGE_STANDARD = gnu99;
				GCC_NO_COMMON_BLOCKS = YES;
				GCC_WARN_64_TO_32_BIT_CONVERSION = YES;
				GCC_WARN_ABOUT_RETURN_TYPE = YES_ERROR;
				GCC_WARN_UNDECLARED_SELECTOR = YES;
				GCC_WARN_UNINITIALIZED_AUTOS = YES_AGGRESSIVE;
				GCC_WARN_UNUSED_FUNCTION = YES;
				GCC_WARN_UNUSED_VARIABLE = YES;
				IPHONEOS_DEPLOYMENT_TARGET = 9.2;
				MTL_ENABLE_DEBUG_INFO = NO;
				SDKROOT = iphoneos;
				VALIDATE_PRODUCT = YES;
			};
			name = Release;
		};
		C9F0FBE01D20F5BA00B5B220 /* Debug */ = {
			isa = XCBuildConfiguration;
			buildSettings = {
				ASSETCATALOG_COMPILER_APPICON_NAME = AppIcon;
				INFOPLIST_FILE = MasterDemo/Info.plist;
				LD_RUNPATH_SEARCH_PATHS = "$(inherited) @executable_path/Frameworks";
				PRODUCT_BUNDLE_IDENTIFIER = com.zaptechsolutions.MasterDemo;
				PRODUCT_NAME = "$(TARGET_NAME)";
			};
			name = Debug;
		};
		C9F0FBE11D20F5BA00B5B220 /* Release */ = {
			isa = XCBuildConfiguration;
			buildSettings = {
				ASSETCATALOG_COMPILER_APPICON_NAME = AppIcon;
				INFOPLIST_FILE = MasterDemo/Info.plist;
				LD_RUNPATH_SEARCH_PATHS = "$(inherited) @executable_path/Frameworks";
				PRODUCT_BUNDLE_IDENTIFIER = com.zaptechsolutions.MasterDemo;
				PRODUCT_NAME = "$(TARGET_NAME)";
			};
			name = Release;
		};
/* End XCBuildConfiguration section */

/* Begin XCConfigurationList section */
		C9F0FBC31D20F5BA00B5B220 /* Build configuration list for PBXProject "MasterDemo" */ = {
			isa = XCConfigurationList;
			buildConfigurations = (
				C9F0FBDD1D20F5BA00B5B220 /* Debug */,
				C9F0FBDE1D20F5BA00B5B220 /* Release */,
			);
			defaultConfigurationIsVisible = 0;
			defaultConfigurationName = Release;
		};
		C9F0FBDF1D20F5BA00B5B220 /* Build configuration list for PBXNativeTarget "MasterDemo" */ = {
			isa = XCConfigurationList;
			buildConfigurations = (
				C9F0FBE01D20F5BA00B5B220 /* Debug */,
				C9F0FBE11D20F5BA00B5B220 /* Release */,
			);
			defaultConfigurationIsVisible = 0;
		};
/* End XCConfigurationList section */
	};
	rootObject = C9F0FBC01D20F5BA00B5B220 /* Project object */;
}
